// !$*UTF8*$!
{
	archiveVersion = 1;
	classes = {
	};
	objectVersion = 46;
	objects = {

/* Begin PBXBuildFile section */
		385AF7F51AE4558E00B23380 /* AppDelegate.swift in Sources */ = {isa = PBXBuildFile; fileRef = 385AF7F41AE4558E00B23380 /* AppDelegate.swift */; };
		385AF7F71AE4558E00B23380 /* ViewController.swift in Sources */ = {isa = PBXBuildFile; fileRef = 385AF7F61AE4558E00B23380 /* ViewController.swift */; };
		385AF7FA1AE4558E00B23380 /* Main.storyboard in Resources */ = {isa = PBXBuildFile; fileRef = 385AF7F81AE4558E00B23380 /* Main.storyboard */; };
		385AF7FC1AE4558E00B23380 /* Images.xcassets in Resources */ = {isa = PBXBuildFile; fileRef = 385AF7FB1AE4558E00B23380 /* Images.xcassets */; };
		385AF7FF1AE4558E00B23380 /* LaunchScreen.xib in Resources */ = {isa = PBXBuildFile; fileRef = 385AF7FD1AE4558E00B23380 /* LaunchScreen.xib */; };
		385AF80B1AE4558E00B23380 /* OperationQueuesTests.swift in Sources */ = {isa = PBXBuildFile; fileRef = 385AF80A1AE4558E00B23380 /* OperationQueuesTests.swift */; };
		385AF8151AE4562400B23380 /* FaviconTableViewCell.swift in Sources */ = {isa = PBXBuildFile; fileRef = 385AF8141AE4562400B23380 /* FaviconTableViewCell.swift */; };
/* End PBXBuildFile section */

/* Begin PBXContainerItemProxy section */
		385AF8051AE4558E00B23380 /* PBXContainerItemProxy */ = {
			isa = PBXContainerItemProxy;
			containerPortal = 385AF7E71AE4558E00B23380 /* Project object */;
			proxyType = 1;
			remoteGlobalIDString = 385AF7EE1AE4558E00B23380;
			remoteInfo = OperationQueues;
		};
/* End PBXContainerItemProxy section */

/* Begin PBXFileReference section */
		385AF7EF1AE4558E00B23380 /* OperationQueues.app */ = {isa = PBXFileReference; explicitFileType = wrapper.application; includeInIndex = 0; path = OperationQueues.app; sourceTree = BUILT_PRODUCTS_DIR; };
		385AF7F31AE4558E00B23380 /* Info.plist */ = {isa = PBXFileReference; lastKnownFileType = text.plist.xml; path = Info.plist; sourceTree = "<group>"; };
		385AF7F41AE4558E00B23380 /* AppDelegate.swift */ = {isa = PBXFileReference; lastKnownFileType = sourcecode.swift; path = AppDelegate.swift; sourceTree = "<group>"; };
		385AF7F61AE4558E00B23380 /* ViewController.swift */ = {isa = PBXFileReference; lastKnownFileType = sourcecode.swift; path = ViewController.swift; sourceTree = "<group>"; };
		385AF7F91AE4558E00B23380 /* Base */ = {isa = PBXFileReference; lastKnownFileType = file.storyboard; name = Base; path = Base.lproj/Main.storyboard; sourceTree = "<group>"; };
		385AF7FB1AE4558E00B23380 /* Images.xcassets */ = {isa = PBXFileReference; lastKnownFileType = folder.assetcatalog; path = Images.xcassets; sourceTree = "<group>"; };
		385AF7FE1AE4558E00B23380 /* Base */ = {isa = PBXFileReference; lastKnownFileType = file.xib; name = Base; path = Base.lproj/LaunchScreen.xib; sourceTree = "<group>"; };
		385AF8041AE4558E00B23380 /* OperationQueuesTests.xctest */ = {isa = PBXFileReference; explicitFileType = wrapper.cfbundle; includeInIndex = 0; path = OperationQueuesTests.xctest; sourceTree = BUILT_PRODUCTS_DIR; };
		385AF8091AE4558E00B23380 /* Info.plist */ = {isa = PBXFileReference; lastKnownFileType = text.plist.xml; path = Info.plist; sourceTree = "<group>"; };
		385AF80A1AE4558E00B23380 /* OperationQueuesTests.swift */ = {isa = PBXFileReference; lastKnownFileType = sourcecode.swift; path = OperationQueuesTests.swift; sourceTree = "<group>"; };
		385AF8141AE4562400B23380 /* FaviconTableViewCell.swift */ = {isa = PBXFileReference; fileEncoding = 4; lastKnownFileType = sourcecode.swift; path = FaviconTableViewCell.swift; sourceTree = "<group>"; };
/* End PBXFileReference section */

/* Begin PBXFrameworksBuildPhase section */
		385AF7EC1AE4558E00B23380 /* Frameworks */ = {
			isa = PBXFrameworksBuildPhase;
			buildActionMask = 2147483647;
			files = (
			);
			runOnlyForDeploymentPostprocessing = 0;
		};
		385AF8011AE4558E00B23380 /* Frameworks */ = {
			isa = PBXFrameworksBuildPhase;
			buildActionMask = 2147483647;
			files = (
			);
			runOnlyForDeploymentPostprocessing = 0;
		};
/* End PBXFrameworksBuildPhase section */

/* Begin PBXGroup section */
		385AF7E61AE4558E00B23380 = {
			isa = PBXGroup;
			children = (
				385AF7F11AE4558E00B23380 /* OperationQueues */,
				385AF8071AE4558E00B23380 /* OperationQueuesTests */,
				385AF7F01AE4558E00B23380 /* Products */,
			);
			sourceTree = "<group>";
		};
		385AF7F01AE4558E00B23380 /* Products */ = {
			isa = PBXGroup;
			children = (
				385AF7EF1AE4558E00B23380 /* OperationQueues.app */,
				385AF8041AE4558E00B23380 /* OperationQueuesTests.xctest */,
			);
			name = Products;
			sourceTree = "<group>";
		};
		385AF7F11AE4558E00B23380 /* OperationQueues */ = {
			isa = PBXGroup;
			children = (
				385AF7F41AE4558E00B23380 /* AppDelegate.swift */,
				385AF7F61AE4558E00B23380 /* ViewController.swift */,
				385AF7F81AE4558E00B23380 /* Main.storyboard */,
				385AF7FB1AE4558E00B23380 /* Images.xcassets */,
				385AF7FD1AE4558E00B23380 /* LaunchScreen.xib */,
				385AF7F21AE4558E00B23380 /* Supporting Files */,
				385AF8141AE4562400B23380 /* FaviconTableViewCell.swift */,
			);
			path = OperationQueues;
			sourceTree = "<group>";
		};
		385AF7F21AE4558E00B23380 /* Supporting Files */ = {
			isa = PBXGroup;
			children = (
				385AF7F31AE4558E00B23380 /* Info.plist */,
			);
			name = "Supporting Files";
			sourceTree = "<group>";
		};
		385AF8071AE4558E00B23380 /* OperationQueuesTests */ = {
			isa = PBXGroup;
			children = (
				385AF80A1AE4558E00B23380 /* OperationQueuesTests.swift */,
				385AF8081AE4558E00B23380 /* Supporting Files */,
			);
			path = OperationQueuesTests;
			sourceTree = "<group>";
		};
		385AF8081AE4558E00B23380 /* Supporting Files */ = {
			isa = PBXGroup;
			children = (
				385AF8091AE4558E00B23380 /* Info.plist */,
			);
			name = "Supporting Files";
			sourceTree = "<group>";
		};
/* End PBXGroup section */

/* Begin PBXNativeTarget section */
		385AF7EE1AE4558E00B23380 /* OperationQueues */ = {
			isa = PBXNativeTarget;
			buildConfigurationList = 385AF80E1AE4558E00B23380 /* Build configuration list for PBXNativeTarget "OperationQueues" */;
			buildPhases = (
				385AF7EB1AE4558E00B23380 /* Sources */,
				385AF7EC1AE4558E00B23380 /* Frameworks */,
				385AF7ED1AE4558E00B23380 /* Resources */,
			);
			buildRules = (
			);
			dependencies = (
			);
			name = OperationQueues;
			productName = OperationQueues;
			productReference = 385AF7EF1AE4558E00B23380 /* OperationQueues.app */;
			productType = "com.apple.product-type.application";
		};
		385AF8031AE4558E00B23380 /* OperationQueuesTests */ = {
			isa = PBXNativeTarget;
			buildConfigurationList = 385AF8111AE4558E00B23380 /* Build configuration list for PBXNativeTarget "OperationQueuesTests" */;
			buildPhases = (
				385AF8001AE4558E00B23380 /* Sources */,
				385AF8011AE4558E00B23380 /* Frameworks */,
				385AF8021AE4558E00B23380 /* Resources */,
			);
			buildRules = (
			);
			dependencies = (
				385AF8061AE4558E00B23380 /* PBXTargetDependency */,
			);
			name = OperationQueuesTests;
			productName = OperationQueuesTests;
			productReference = 385AF8041AE4558E00B23380 /* OperationQueuesTests.xctest */;
			productType = "com.apple.product-type.bundle.unit-test";
		};
/* End PBXNativeTarget section */

/* Begin PBXProject section */
		385AF7E71AE4558E00B23380 /* Project object */ = {
			isa = PBXProject;
			attributes = {
				LastUpgradeCheck = 0630;
				ORGANIZATIONNAME = "Wojciech Ogrodowczyk";
				TargetAttributes = {
					385AF7EE1AE4558E00B23380 = {
						CreatedOnToolsVersion = 6.3;
					};
					385AF8031AE4558E00B23380 = {
						CreatedOnToolsVersion = 6.3;
						TestTargetID = 385AF7EE1AE4558E00B23380;
					};
				};
			};
			buildConfigurationList = 385AF7EA1AE4558E00B23380 /* Build configuration list for PBXProject "OperationQueues" */;
			compatibilityVersion = "Xcode 3.2";
			developmentRegion = English;
			hasScannedForEncodings = 0;
			knownRegions = (
				en,
				Base,
			);
			mainGroup = 385AF7E61AE4558E00B23380;
			productRefGroup = 385AF7F01AE4558E00B23380 /* Products */;
			projectDirPath = "";
			projectRoot = "";
			targets = (
				385AF7EE1AE4558E00B23380 /* OperationQueues */,
				385AF8031AE4558E00B23380 /* OperationQueuesTests */,
			);
		};
/* End PBXProject section */

/* Begin PBXResourcesBuildPhase section */
		385AF7ED1AE4558E00B23380 /* Resources */ = {
			isa = PBXResourcesBuildPhase;
			buildActionMask = 2147483647;
			files = (
				385AF7FA1AE4558E00B23380 /* Main.storyboard in Resources */,
				385AF7FF1AE4558E00B23380 /* LaunchScreen.xib in Resources */,
				385AF7FC1AE4558E00B23380 /* Images.xcassets in Resources */,
			);
			runOnlyForDeploymentPostprocessing = 0;
		};
		385AF8021AE4558E00B23380 /* Resources */ = {
			isa = PBXResourcesBuildPhase;
			buildActionMask = 2147483647;
			files = (
			);
			runOnlyForDeploymentPostprocessing = 0;
		};
/* End PBXResourcesBuildPhase section */

/* Begin PBXSourcesBuildPhase section */
		385AF7EB1AE4558E00B23380 /* Sources */ = {
			isa = PBXSourcesBuildPhase;
			buildActionMask = 2147483647;
			files = (
				385AF7F71AE4558E00B23380 /* ViewController.swift in Sources */,
				385AF8151AE4562400B23380 /* FaviconTableViewCell.swift in Sources */,
				385AF7F51AE4558E00B23380 /* AppDelegate.swift in Sources */,
			);
			runOnlyForDeploymentPostprocessing = 0;
		};
		385AF8001AE4558E00B23380 /* Sources */ = {
			isa = PBXSourcesBuildPhase;
			buildActionMask = 2147483647;
			files = (
				385AF80B1AE4558E00B23380 /* OperationQueuesTests.swift in Sources */,
			);
			runOnlyForDeploymentPostprocessing = 0;
		};
/* End PBXSourcesBuildPhase section */

/* Begin PBXTargetDependency section */
		385AF8061AE4558E00B23380 /* PBXTargetDependency */ = {
			isa = PBXTargetDependency;
			target = 385AF7EE1AE4558E00B23380 /* OperationQueues */;
			targetProxy = 385AF8051AE4558E00B23380 /* PBXContainerItemProxy */;
		};
/* End PBXTargetDependency section */

/* Begin PBXVariantGroup section */
		385AF7F81AE4558E00B23380 /* Main.storyboard */ = {
			isa = PBXVariantGroup;
			children = (
				385AF7F91AE4558E00B23380 /* Base */,
			);
			name = Main.storyboard;
			sourceTree = "<group>";
		};
		385AF7FD1AE4558E00B23380 /* LaunchScreen.xib */ = {
			isa = PBXVariantGroup;
			children = (
				385AF7FE1AE4558E00B23380 /* Base */,
			);
			name = LaunchScreen.xib;
			sourceTree = "<group>";
		};
/* End PBXVariantGroup section */

/* Begin XCBuildConfiguration section */
		385AF80C1AE4558E00B23380 /* Debug */ = {
			isa = XCBuildConfiguration;
			buildSettings = {
				ALWAYS_SEARCH_USER_PATHS = NO;
				CLANG_CXX_LANGUAGE_STANDARD = "gnu++0x";
				CLANG_CXX_LIBRARY = "libc++";
				CLANG_ENABLE_MODULES = YES;
				CLANG_ENABLE_OBJC_ARC = YES;
				CLANG_WARN_BOOL_CONVERSION = YES;
				CLANG_WARN_CONSTANT_CONVERSION = YES;
				CLANG_WARN_DIRECT_OBJC_ISA_USAGE = YES_ERROR;
				CLANG_WARN_EMPTY_BODY = YES;
				CLANG_WARN_ENUM_CONVERSION = YES;
				CLANG_WARN_INT_CONVERSION = YES;
				CLANG_WARN_OBJC_ROOT_CLASS = YES_ERROR;
				CLANG_WARN_UNREACHABLE_CODE = YES;
				CLANG_WARN__DUPLICATE_METHOD_MATCH = YES;
				"CODE_SIGN_IDENTITY[sdk=iphoneos*]" = "iPhone Developer";
				COPY_PHASE_STRIP = NO;
				DEBUG_INFORMATION_FORMAT = "dwarf-with-dsym";
				ENABLE_STRICT_OBJC_MSGSEND = YES;
				GCC_C_LANGUAGE_STANDARD = gnu99;
				GCC_DYNAMIC_NO_PIC = NO;
				GCC_NO_COMMON_BLOCKS = YES;
				GCC_OPTIMIZATION_LEVEL = 0;
				GCC_PREPROCESSOR_DEFINITIONS = (
					"DEBUG=1",
					"$(inherited)",
				);
				GCC_SYMBOLS_PRIVATE_EXTERN = NO;
				GCC_WARN_64_TO_32_BIT_CONVERSION = YES;
				GCC_WARN_ABOUT_RETURN_TYPE = YES_ERROR;
				GCC_WARN_UNDECLARED_SELECTOR = YES;
				GCC_WARN_UNINITIALIZED_AUTOS = YES_AGGRESSIVE;
				GCC_WARN_UNUSED_FUNCTION = YES;
				GCC_WARN_UNUSED_VARIABLE = YES;
				IPHONEOS_DEPLOYMENT_TARGET = 8.3;
				MTL_ENABLE_DEBUG_INFO = YES;
				ONLY_ACTIVE_ARCH = YES;
				SDKROOT = iphoneos;
				SWIFT_OPTIMIZATION_LEVEL = "-Onone";
			};
			name = Debug;
		};
		385AF80D1AE4558E00B23380 /* Release */ = {
			isa = XCBuildConfiguration;
			buildSettings = {
				ALWAYS_SEARCH_USER_PATHS = NO;
				CLANG_CXX_LANGUAGE_STANDARD = "gnu++0x";
				CLANG_CXX_LIBRARY = "libc++";
				CLANG_ENABLE_MODULES = YES;
				CLANG_ENABLE_OBJC_ARC = YES;
				CLANG_WARN_BOOL_CONVERSION = YES;
				CLANG_WARN_CONSTANT_CONVERSION = YES;
				CLANG_WARN_DIRECT_OBJC_ISA_USAGE = YES_ERROR;
				CLANG_WARN_EMPTY_BODY = YES;
				CLANG_WARN_ENUM_CONVERSION = YES;
				CLANG_WARN_INT_CONVERSION = YES;
				CLANG_WARN_OBJC_ROOT_CLASS = YES_ERROR;
				CLANG_WARN_UNREACHABLE_CODE = YES;
				CLANG_WARN__DUPLICATE_METHOD_MATCH = YES;
				"CODE_SIGN_IDENTITY[sdk=iphoneos*]" = "iPhone Developer";
				COPY_PHASE_STRIP = NO;
				DEBUG_INFORMATION_FORMAT = "dwarf-with-dsym";
				ENABLE_NS_ASSERTIONS = NO;
				ENABLE_STRICT_OBJC_MSGSEND = YES;
				GCC_C_LANGUAGE_STANDARD = gnu99;
				GCC_NO_COMMON_BLOCKS = YES;
				GCC_WARN_64_TO_32_BIT_CONVERSION = YES;
				GCC_WARN_ABOUT_RETURN_TYPE = YES_ERROR;
				GCC_WARN_UNDECLARED_SELECTOR = YES;
				GCC_WARN_UNINITIALIZED_AUTOS = YES_AGGRESSIVE;
				GCC_WARN_UNUSED_FUNCTION = YES;
				GCC_WARN_UNUSED_VARIABLE = YES;
				IPHONEOS_DEPLOYMENT_TARGET = 8.3;
				MTL_ENABLE_DEBUG_INFO = NO;
				SDKROOT = iphoneos;
				VALIDATE_PRODUCT = YES;
			};
			name = Release;
		};
		385AF80F1AE4558E00B23380 /* Debug */ = {
			isa = XCBuildConfiguration;
			buildSettings = {
				ASSETCATALOG_COMPILER_APPICON_NAME = AppIcon;
				INFOPLIST_FILE = OperationQueues/Info.plist;
				LD_RUNPATH_SEARCH_PATHS = "$(inherited) @executable_path/Frameworks";
				PRODUCT_NAME = "$(TARGET_NAME)";
			};
			name = Debug;
		};
		385AF8101AE4558E00B23380 /* Release */ = {
			isa = XCBuildConfiguration;
			buildSettings = {
				ASSETCATALOG_COMPILER_APPICON_NAME = AppIcon;
				INFOPLIST_FILE = OperationQueues/Info.plist;
				LD_RUNPATH_SEARCH_PATHS = "$(inherited) @executable_path/Frameworks";
				PRODUCT_NAME = "$(TARGET_NAME)";
			};
			name = Release;
		};
		385AF8121AE4558E00B23380 /* Debug */ = {
			isa = XCBuildConfiguration;
			buildSettings = {
				BUNDLE_LOADER = "$(TEST_HOST)";
				FRAMEWORK_SEARCH_PATHS = (
					"$(SDKROOT)/Developer/Library/Frameworks",
					"$(inherited)",
				);
				GCC_PREPROCESSOR_DEFINITIONS = (
					"DEBUG=1",
					"$(inherited)",
				);
				INFOPLIST_FILE = OperationQueuesTests/Info.plist;
				LD_RUNPATH_SEARCH_PATHS = "$(inherited) @executable_path/Frameworks @loader_path/Frameworks";
				PRODUCT_NAME = "$(TARGET_NAME)";
				TEST_HOST = "$(BUILT_PRODUCTS_DIR)/OperationQueues.app/OperationQueues";
			};
			name = Debug;
		};
		385AF8131AE4558E00B23380 /* Release */ = {
			isa = XCBuildConfiguration;
			buildSettings = {
				BUNDLE_LOADER = "$(TEST_HOST)";
				FRAMEWORK_SEARCH_PATHS = (
					"$(SDKROOT)/Developer/Library/Frameworks",
					"$(inherited)",
				);
				INFOPLIST_FILE = OperationQueuesTests/Info.plist;
				LD_RUNPATH_SEARCH_PATHS = "$(inherited) @executable_path/Frameworks @loader_path/Frameworks";
				PRODUCT_NAME = "$(TARGET_NAME)";
				TEST_HOST = "$(BUILT_PRODUCTS_DIR)/OperationQueues.app/OperationQueues";
			};
			name = Release;
		};
/* End XCBuildConfiguration section */

/* Begin XCConfigurationList section */
		385AF7EA1AE4558E00B23380 /* Build configuration list for PBXProject "OperationQueues" */ = {
			isa = XCConfigurationList;
			buildConfigurations = (
				385AF80C1AE4558E00B23380 /* Debug */,
				385AF80D1AE4558E00B23380 /* Release */,
			);
			defaultConfigurationIsVisible = 0;
			defaultConfigurationName = Release;
		};
		385AF80E1AE4558E00B23380 /* Build configuration list for PBXNativeTarget "OperationQueues" */ = {
			isa = XCConfigurationList;
			buildConfigurations = (
				385AF80F1AE4558E00B23380 /* Debug */,
				385AF8101AE4558E00B23380 /* Release */,
			);
			defaultConfigurationIsVisible = 0;
		};
		385AF8111AE4558E00B23380 /* Build configuration list for PBXNativeTarget "OperationQueuesTests" */ = {
			isa = XCConfigurationList;
			buildConfigurations = (
				385AF8121AE4558E00B23380 /* Debug */,
				385AF8131AE4558E00B23380 /* Release */,
			);
			defaultConfigurationIsVisible = 0;
		};
/* End XCConfigurationList section */
	};
	rootObject = 385AF7E71AE4558E00B23380 /* Project object */;
}
