// !$*UTF8*$!
{
	archiveVersion = 1;
	classes = {
	};
	objectVersion = 46;
	objects = {

/* Begin PBXBuildFile section */
		388AD3F61AD5546500ABA52B /* AppDelegate.swift in Sources */ = {isa = PBXBuildFile; fileRef = 388AD3F51AD5546500ABA52B /* AppDelegate.swift */; };
		388AD3F81AD5546500ABA52B /* Images.xcassets in Resources */ = {isa = PBXBuildFile; fileRef = 388AD3F71AD5546500ABA52B /* Images.xcassets */; };
		388AD3FB1AD5546500ABA52B /* MainMenu.xib in Resources */ = {isa = PBXBuildFile; fileRef = 388AD3F91AD5546500ABA52B /* MainMenu.xib */; };
		388AD4071AD5546500ABA52B /* ConstraintsTests.swift in Sources */ = {isa = PBXBuildFile; fileRef = 388AD4061AD5546500ABA52B /* ConstraintsTests.swift */; };
/* End PBXBuildFile section */

/* Begin PBXContainerItemProxy section */
		388AD4011AD5546500ABA52B /* PBXContainerItemProxy */ = {
			isa = PBXContainerItemProxy;
			containerPortal = 388AD3E81AD5546400ABA52B /* Project object */;
			proxyType = 1;
			remoteGlobalIDString = 388AD3EF1AD5546500ABA52B;
			remoteInfo = Constraints;
		};
/* End PBXContainerItemProxy section */

/* Begin PBXFileReference section */
		388AD3F01AD5546500ABA52B /* Constraints.app */ = {isa = PBXFileReference; explicitFileType = wrapper.application; includeInIndex = 0; path = Constraints.app; sourceTree = BUILT_PRODUCTS_DIR; };
		388AD3F41AD5546500ABA52B /* Info.plist */ = {isa = PBXFileReference; lastKnownFileType = text.plist.xml; path = Info.plist; sourceTree = "<group>"; };
		388AD3F51AD5546500ABA52B /* AppDelegate.swift */ = {isa = PBXFileReference; lastKnownFileType = sourcecode.swift; path = AppDelegate.swift; sourceTree = "<group>"; };
		388AD3F71AD5546500ABA52B /* Images.xcassets */ = {isa = PBXFileReference; lastKnownFileType = folder.assetcatalog; path = Images.xcassets; sourceTree = "<group>"; };
		388AD3FA1AD5546500ABA52B /* Base */ = {isa = PBXFileReference; lastKnownFileType = file.xib; name = Base; path = Base.lproj/MainMenu.xib; sourceTree = "<group>"; };
		388AD4001AD5546500ABA52B /* ConstraintsTests.xctest */ = {isa = PBXFileReference; explicitFileType = wrapper.cfbundle; includeInIndex = 0; path = ConstraintsTests.xctest; sourceTree = BUILT_PRODUCTS_DIR; };
		388AD4051AD5546500ABA52B /* Info.plist */ = {isa = PBXFileReference; lastKnownFileType = text.plist.xml; path = Info.plist; sourceTree = "<group>"; };
		388AD4061AD5546500ABA52B /* ConstraintsTests.swift */ = {isa = PBXFileReference; lastKnownFileType = sourcecode.swift; path = ConstraintsTests.swift; sourceTree = "<group>"; };
/* End PBXFileReference section */

/* Begin PBXFrameworksBuildPhase section */
		388AD3ED1AD5546500ABA52B /* Frameworks */ = {
			isa = PBXFrameworksBuildPhase;
			buildActionMask = 2147483647;
			files = (
			);
			runOnlyForDeploymentPostprocessing = 0;
		};
		388AD3FD1AD5546500ABA52B /* Frameworks */ = {
			isa = PBXFrameworksBuildPhase;
			buildActionMask = 2147483647;
			files = (
			);
			runOnlyForDeploymentPostprocessing = 0;
		};
/* End PBXFrameworksBuildPhase section */

/* Begin PBXGroup section */
		388AD3E71AD5546400ABA52B = {
			isa = PBXGroup;
			children = (
				388AD3F21AD5546500ABA52B /* Constraints */,
				388AD4031AD5546500ABA52B /* ConstraintsTests */,
				388AD3F11AD5546500ABA52B /* Products */,
			);
			sourceTree = "<group>";
		};
		388AD3F11AD5546500ABA52B /* Products */ = {
			isa = PBXGroup;
			children = (
				388AD3F01AD5546500ABA52B /* Constraints.app */,
				388AD4001AD5546500ABA52B /* ConstraintsTests.xctest */,
			);
			name = Products;
			sourceTree = "<group>";
		};
		388AD3F21AD5546500ABA52B /* Constraints */ = {
			isa = PBXGroup;
			children = (
				388AD3F51AD5546500ABA52B /* AppDelegate.swift */,
				388AD3F71AD5546500ABA52B /* Images.xcassets */,
				388AD3F91AD5546500ABA52B /* MainMenu.xib */,
				388AD3F31AD5546500ABA52B /* Supporting Files */,
			);
			path = Constraints;
			sourceTree = "<group>";
		};
		388AD3F31AD5546500ABA52B /* Supporting Files */ = {
			isa = PBXGroup;
			children = (
				388AD3F41AD5546500ABA52B /* Info.plist */,
			);
			name = "Supporting Files";
			sourceTree = "<group>";
		};
		388AD4031AD5546500ABA52B /* ConstraintsTests */ = {
			isa = PBXGroup;
			children = (
				388AD4061AD5546500ABA52B /* ConstraintsTests.swift */,
				388AD4041AD5546500ABA52B /* Supporting Files */,
			);
			path = ConstraintsTests;
			sourceTree = "<group>";
		};
		388AD4041AD5546500ABA52B /* Supporting Files */ = {
			isa = PBXGroup;
			children = (
				388AD4051AD5546500ABA52B /* Info.plist */,
			);
			name = "Supporting Files";
			sourceTree = "<group>";
		};
/* End PBXGroup section */

/* Begin PBXNativeTarget section */
		388AD3EF1AD5546500ABA52B /* Constraints */ = {
			isa = PBXNativeTarget;
			buildConfigurationList = 388AD40A1AD5546500ABA52B /* Build configuration list for PBXNativeTarget "Constraints" */;
			buildPhases = (
				388AD3EC1AD5546500ABA52B /* Sources */,
				388AD3ED1AD5546500ABA52B /* Frameworks */,
				388AD3EE1AD5546500ABA52B /* Resources */,
			);
			buildRules = (
			);
			dependencies = (
			);
			name = Constraints;
			productName = Constraints;
			productReference = 388AD3F01AD5546500ABA52B /* Constraints.app */;
			productType = "com.apple.product-type.application";
		};
		388AD3FF1AD5546500ABA52B /* ConstraintsTests */ = {
			isa = PBXNativeTarget;
			buildConfigurationList = 388AD40D1AD5546500ABA52B /* Build configuration list for PBXNativeTarget "ConstraintsTests" */;
			buildPhases = (
				388AD3FC1AD5546500ABA52B /* Sources */,
				388AD3FD1AD5546500ABA52B /* Frameworks */,
				388AD3FE1AD5546500ABA52B /* Resources */,
			);
			buildRules = (
			);
			dependencies = (
				388AD4021AD5546500ABA52B /* PBXTargetDependency */,
			);
			name = ConstraintsTests;
			productName = ConstraintsTests;
			productReference = 388AD4001AD5546500ABA52B /* ConstraintsTests.xctest */;
			productType = "com.apple.product-type.bundle.unit-test";
		};
/* End PBXNativeTarget section */

/* Begin PBXProject section */
		388AD3E81AD5546400ABA52B /* Project object */ = {
			isa = PBXProject;
			attributes = {
				LastUpgradeCheck = 0620;
				ORGANIZATIONNAME = "Wojciech Ogrodowczyk";
				TargetAttributes = {
					388AD3EF1AD5546500ABA52B = {
						CreatedOnToolsVersion = 6.2;
					};
					388AD3FF1AD5546500ABA52B = {
						CreatedOnToolsVersion = 6.2;
						TestTargetID = 388AD3EF1AD5546500ABA52B;
					};
				};
			};
			buildConfigurationList = 388AD3EB1AD5546400ABA52B /* Build configuration list for PBXProject "Constraints" */;
			compatibilityVersion = "Xcode 3.2";
			developmentRegion = English;
			hasScannedForEncodings = 0;
			knownRegions = (
				en,
				Base,
			);
			mainGroup = 388AD3E71AD5546400ABA52B;
			productRefGroup = 388AD3F11AD5546500ABA52B /* Products */;
			projectDirPath = "";
			projectRoot = "";
			targets = (
				388AD3EF1AD5546500ABA52B /* Constraints */,
				388AD3FF1AD5546500ABA52B /* ConstraintsTests */,
			);
		};
/* End PBXProject section */

/* Begin PBXResourcesBuildPhase section */
		388AD3EE1AD5546500ABA52B /* Resources */ = {
			isa = PBXResourcesBuildPhase;
			buildActionMask = 2147483647;
			files = (
				388AD3F81AD5546500ABA52B /* Images.xcassets in Resources */,
				388AD3FB1AD5546500ABA52B /* MainMenu.xib in Resources */,
			);
			runOnlyForDeploymentPostprocessing = 0;
		};
		388AD3FE1AD5546500ABA52B /* Resources */ = {
			isa = PBXResourcesBuildPhase;
			buildActionMask = 2147483647;
			files = (
			);
			runOnlyForDeploymentPostprocessing = 0;
		};
/* End PBXResourcesBuildPhase section */

/* Begin PBXSourcesBuildPhase section */
		388AD3EC1AD5546500ABA52B /* Sources */ = {
			isa = PBXSourcesBuildPhase;
			buildActionMask = 2147483647;
			files = (
				388AD3F61AD5546500ABA52B /* AppDelegate.swift in Sources */,
			);
			runOnlyForDeploymentPostprocessing = 0;
		};
		388AD3FC1AD5546500ABA52B /* Sources */ = {
			isa = PBXSourcesBuildPhase;
			buildActionMask = 2147483647;
			files = (
				388AD4071AD5546500ABA52B /* ConstraintsTests.swift in Sources */,
			);
			runOnlyForDeploymentPostprocessing = 0;
		};
/* End PBXSourcesBuildPhase section */

/* Begin PBXTargetDependency section */
		388AD4021AD5546500ABA52B /* PBXTargetDependency */ = {
			isa = PBXTargetDependency;
			target = 388AD3EF1AD5546500ABA52B /* Constraints */;
			targetProxy = 388AD4011AD5546500ABA52B /* PBXContainerItemProxy */;
		};
/* End PBXTargetDependency section */

/* Begin PBXVariantGroup section */
		388AD3F91AD5546500ABA52B /* MainMenu.xib */ = {
			isa = PBXVariantGroup;
			children = (
				388AD3FA1AD5546500ABA52B /* Base */,
			);
			name = MainMenu.xib;
			sourceTree = "<group>";
		};
/* End PBXVariantGroup section */

/* Begin XCBuildConfiguration section */
		388AD4081AD5546500ABA52B /* Debug */ = {
			isa = XCBuildConfiguration;
			buildSettings = {
				ALWAYS_SEARCH_USER_PATHS = NO;
				CLANG_CXX_LANGUAGE_STANDARD = "gnu++0x";
				CLANG_CXX_LIBRARY = "libc++";
				CLANG_ENABLE_MODULES = YES;
				CLANG_ENABLE_OBJC_ARC = YES;
				CLANG_WARN_BOOL_CONVERSION = YES;
				CLANG_WARN_CONSTANT_CONVERSION = YES;
				CLANG_WARN_DIRECT_OBJC_ISA_USAGE = YES_ERROR;
				CLANG_WARN_EMPTY_BODY = YES;
				CLANG_WARN_ENUM_CONVERSION = YES;
				CLANG_WARN_INT_CONVERSION = YES;
				CLANG_WARN_OBJC_ROOT_CLASS = YES_ERROR;
				CLANG_WARN_UNREACHABLE_CODE = YES;
				CLANG_WARN__DUPLICATE_METHOD_MATCH = YES;
				CODE_SIGN_IDENTITY = "-";
				COPY_PHASE_STRIP = NO;
				ENABLE_STRICT_OBJC_MSGSEND = YES;
				GCC_C_LANGUAGE_STANDARD = gnu99;
				GCC_DYNAMIC_NO_PIC = NO;
				GCC_OPTIMIZATION_LEVEL = 0;
				GCC_PREPROCESSOR_DEFINITIONS = (
					"DEBUG=1",
					"$(inherited)",
				);
				GCC_SYMBOLS_PRIVATE_EXTERN = NO;
				GCC_WARN_64_TO_32_BIT_CONVERSION = YES;
				GCC_WARN_ABOUT_RETURN_TYPE = YES_ERROR;
				GCC_WARN_UNDECLARED_SELECTOR = YES;
				GCC_WARN_UNINITIALIZED_AUTOS = YES_AGGRESSIVE;
				GCC_WARN_UNUSED_FUNCTION = YES;
				GCC_WARN_UNUSED_VARIABLE = YES;
				MACOSX_DEPLOYMENT_TARGET = 10.10;
				MTL_ENABLE_DEBUG_INFO = YES;
				ONLY_ACTIVE_ARCH = YES;
				SDKROOT = macosx;
				SWIFT_OPTIMIZATION_LEVEL = "-Onone";
			};
			name = Debug;
		};
		388AD4091AD5546500ABA52B /* Release */ = {
			isa = XCBuildConfiguration;
			buildSettings = {
				ALWAYS_SEARCH_USER_PATHS = NO;
				CLANG_CXX_LANGUAGE_STANDARD = "gnu++0x";
				CLANG_CXX_LIBRARY = "libc++";
				CLANG_ENABLE_MODULES = YES;
				CLANG_ENABLE_OBJC_ARC = YES;
				CLANG_WARN_BOOL_CONVERSION = YES;
				CLANG_WARN_CONSTANT_CONVERSION = YES;
				CLANG_WARN_DIRECT_OBJC_ISA_USAGE = YES_ERROR;
				CLANG_WARN_EMPTY_BODY = YES;
				CLANG_WARN_ENUM_CONVERSION = YES;
				CLANG_WARN_INT_CONVERSION = YES;
				CLANG_WARN_OBJC_ROOT_CLASS = YES_ERROR;
				CLANG_WARN_UNREACHABLE_CODE = YES;
				CLANG_WARN__DUPLICATE_METHOD_MATCH = YES;
				CODE_SIGN_IDENTITY = "-";
				COPY_PHASE_STRIP = NO;
				DEBUG_INFORMATION_FORMAT = "dwarf-with-dsym";
				ENABLE_NS_ASSERTIONS = NO;
				ENABLE_STRICT_OBJC_MSGSEND = YES;
				GCC_C_LANGUAGE_STANDARD = gnu99;
				GCC_WARN_64_TO_32_BIT_CONVERSION = YES;
				GCC_WARN_ABOUT_RETURN_TYPE = YES_ERROR;
				GCC_WARN_UNDECLARED_SELECTOR = YES;
				GCC_WARN_UNINITIALIZED_AUTOS = YES_AGGRESSIVE;
				GCC_WARN_UNUSED_FUNCTION = YES;
				GCC_WARN_UNUSED_VARIABLE = YES;
				MACOSX_DEPLOYMENT_TARGET = 10.10;
				MTL_ENABLE_DEBUG_INFO = NO;
				SDKROOT = macosx;
			};
			name = Release;
		};
		388AD40B1AD5546500ABA52B /* Debug */ = {
			isa = XCBuildConfiguration;
			buildSettings = {
				ASSETCATALOG_COMPILER_APPICON_NAME = AppIcon;
				COMBINE_HIDPI_IMAGES = YES;
				INFOPLIST_FILE = Constraints/Info.plist;
				LD_RUNPATH_SEARCH_PATHS = "$(inherited) @executable_path/../Frameworks";
				PRODUCT_NAME = "$(TARGET_NAME)";
			};
			name = Debug;
		};
		388AD40C1AD5546500ABA52B /* Release */ = {
			isa = XCBuildConfiguration;
			buildSettings = {
				ASSETCATALOG_COMPILER_APPICON_NAME = AppIcon;
				COMBINE_HIDPI_IMAGES = YES;
				INFOPLIST_FILE = Constraints/Info.plist;
				LD_RUNPATH_SEARCH_PATHS = "$(inherited) @executable_path/../Frameworks";
				PRODUCT_NAME = "$(TARGET_NAME)";
			};
			name = Release;
		};
		388AD40E1AD5546500ABA52B /* Debug */ = {
			isa = XCBuildConfiguration;
			buildSettings = {
				BUNDLE_LOADER = "$(TEST_HOST)";
				COMBINE_HIDPI_IMAGES = YES;
				FRAMEWORK_SEARCH_PATHS = (
					"$(DEVELOPER_FRAMEWORKS_DIR)",
					"$(inherited)",
				);
				GCC_PREPROCESSOR_DEFINITIONS = (
					"DEBUG=1",
					"$(inherited)",
				);
				INFOPLIST_FILE = ConstraintsTests/Info.plist;
				LD_RUNPATH_SEARCH_PATHS = "$(inherited) @executable_path/../Frameworks @loader_path/../Frameworks";
				PRODUCT_NAME = "$(TARGET_NAME)";
				TEST_HOST = "$(BUILT_PRODUCTS_DIR)/Constraints.app/Contents/MacOS/Constraints";
			};
			name = Debug;
		};
		388AD40F1AD5546500ABA52B /* Release */ = {
			isa = XCBuildConfiguration;
			buildSettings = {
				BUNDLE_LOADER = "$(TEST_HOST)";
				COMBINE_HIDPI_IMAGES = YES;
				FRAMEWORK_SEARCH_PATHS = (
					"$(DEVELOPER_FRAMEWORKS_DIR)",
					"$(inherited)",
				);
				INFOPLIST_FILE = ConstraintsTests/Info.plist;
				LD_RUNPATH_SEARCH_PATHS = "$(inherited) @executable_path/../Frameworks @loader_path/../Frameworks";
				PRODUCT_NAME = "$(TARGET_NAME)";
				TEST_HOST = "$(BUILT_PRODUCTS_DIR)/Constraints.app/Contents/MacOS/Constraints";
			};
			name = Release;
		};
/* End XCBuildConfiguration section */

/* Begin XCConfigurationList section */
		388AD3EB1AD5546400ABA52B /* Build configuration list for PBXProject "Constraints" */ = {
			isa = XCConfigurationList;
			buildConfigurations = (
				388AD4081AD5546500ABA52B /* Debug */,
				388AD4091AD5546500ABA52B /* Release */,
			);
			defaultConfigurationIsVisible = 0;
			defaultConfigurationName = Release;
		};
		388AD40A1AD5546500ABA52B /* Build configuration list for PBXNativeTarget "Constraints" */ = {
			isa = XCConfigurationList;
			buildConfigurations = (
				388AD40B1AD5546500ABA52B /* Debug */,
				388AD40C1AD5546500ABA52B /* Release */,
			);
			defaultConfigurationIsVisible = 0;
		};
		388AD40D1AD5546500ABA52B /* Build configuration list for PBXNativeTarget "ConstraintsTests" */ = {
			isa = XCConfigurationList;
			buildConfigurations = (
				388AD40E1AD5546500ABA52B /* Debug */,
				388AD40F1AD5546500ABA52B /* Release */,
			);
			defaultConfigurationIsVisible = 0;
		};
/* End XCConfigurationList section */
	};
	rootObject = 388AD3E81AD5546400ABA52B /* Project object */;
}
