// !$*UTF8*$!
{
	archiveVersion = 1;
	classes = {
	};
	objectVersion = 46;
	objects = {

/* Begin PBXBuildFile section */
		38E092521ADE546A00430A49 /* AppDelegate.swift in Sources */ = {isa = PBXBuildFile; fileRef = 38E092511ADE546A00430A49 /* AppDelegate.swift */; };
		38E092541ADE546A00430A49 /* ViewController.swift in Sources */ = {isa = PBXBuildFile; fileRef = 38E092531ADE546A00430A49 /* ViewController.swift */; };
		38E092571ADE546A00430A49 /* Main.storyboard in Resources */ = {isa = PBXBuildFile; fileRef = 38E092551ADE546A00430A49 /* Main.storyboard */; };
		38E092591ADE546A00430A49 /* Images.xcassets in Resources */ = {isa = PBXBuildFile; fileRef = 38E092581ADE546A00430A49 /* Images.xcassets */; };
		38E0925C1ADE546A00430A49 /* LaunchScreen.xib in Resources */ = {isa = PBXBuildFile; fileRef = 38E0925A1ADE546A00430A49 /* LaunchScreen.xib */; };
		38E092681ADE546A00430A49 /* DynamicGravityTests.swift in Sources */ = {isa = PBXBuildFile; fileRef = 38E092671ADE546A00430A49 /* DynamicGravityTests.swift */; };
		38E092721ADE549700430A49 /* vodka.jpg in Resources */ = {isa = PBXBuildFile; fileRef = 38E092711ADE549700430A49 /* vodka.jpg */; };
/* End PBXBuildFile section */

/* Begin PBXContainerItemProxy section */
		38E092621ADE546A00430A49 /* PBXContainerItemProxy */ = {
			isa = PBXContainerItemProxy;
			containerPortal = 38E092441ADE546A00430A49 /* Project object */;
			proxyType = 1;
			remoteGlobalIDString = 38E0924B1ADE546A00430A49;
			remoteInfo = DynamicGravity;
		};
/* End PBXContainerItemProxy section */

/* Begin PBXFileReference section */
		38E0924C1ADE546A00430A49 /* DynamicGravity.app */ = {isa = PBXFileReference; explicitFileType = wrapper.application; includeInIndex = 0; path = DynamicGravity.app; sourceTree = BUILT_PRODUCTS_DIR; };
		38E092501ADE546A00430A49 /* Info.plist */ = {isa = PBXFileReference; lastKnownFileType = text.plist.xml; path = Info.plist; sourceTree = "<group>"; };
		38E092511ADE546A00430A49 /* AppDelegate.swift */ = {isa = PBXFileReference; lastKnownFileType = sourcecode.swift; path = AppDelegate.swift; sourceTree = "<group>"; };
		38E092531ADE546A00430A49 /* ViewController.swift */ = {isa = PBXFileReference; lastKnownFileType = sourcecode.swift; path = ViewController.swift; sourceTree = "<group>"; };
		38E092561ADE546A00430A49 /* Base */ = {isa = PBXFileReference; lastKnownFileType = file.storyboard; name = Base; path = Base.lproj/Main.storyboard; sourceTree = "<group>"; };
		38E092581ADE546A00430A49 /* Images.xcassets */ = {isa = PBXFileReference; lastKnownFileType = folder.assetcatalog; path = Images.xcassets; sourceTree = "<group>"; };
		38E0925B1ADE546A00430A49 /* Base */ = {isa = PBXFileReference; lastKnownFileType = file.xib; name = Base; path = Base.lproj/LaunchScreen.xib; sourceTree = "<group>"; };
		38E092611ADE546A00430A49 /* DynamicGravityTests.xctest */ = {isa = PBXFileReference; explicitFileType = wrapper.cfbundle; includeInIndex = 0; path = DynamicGravityTests.xctest; sourceTree = BUILT_PRODUCTS_DIR; };
		38E092661ADE546A00430A49 /* Info.plist */ = {isa = PBXFileReference; lastKnownFileType = text.plist.xml; path = Info.plist; sourceTree = "<group>"; };
		38E092671ADE546A00430A49 /* DynamicGravityTests.swift */ = {isa = PBXFileReference; lastKnownFileType = sourcecode.swift; path = DynamicGravityTests.swift; sourceTree = "<group>"; };
		38E092711ADE549700430A49 /* vodka.jpg */ = {isa = PBXFileReference; lastKnownFileType = image.jpeg; path = vodka.jpg; sourceTree = "<group>"; };
/* End PBXFileReference section */

/* Begin PBXFrameworksBuildPhase section */
		38E092491ADE546A00430A49 /* Frameworks */ = {
			isa = PBXFrameworksBuildPhase;
			buildActionMask = 2147483647;
			files = (
			);
			runOnlyForDeploymentPostprocessing = 0;
		};
		38E0925E1ADE546A00430A49 /* Frameworks */ = {
			isa = PBXFrameworksBuildPhase;
			buildActionMask = 2147483647;
			files = (
			);
			runOnlyForDeploymentPostprocessing = 0;
		};
/* End PBXFrameworksBuildPhase section */

/* Begin PBXGroup section */
		38E092431ADE546A00430A49 = {
			isa = PBXGroup;
			children = (
				38E092711ADE549700430A49 /* vodka.jpg */,
				38E0924E1ADE546A00430A49 /* DynamicGravity */,
				38E092641ADE546A00430A49 /* DynamicGravityTests */,
				38E0924D1ADE546A00430A49 /* Products */,
			);
			sourceTree = "<group>";
		};
		38E0924D1ADE546A00430A49 /* Products */ = {
			isa = PBXGroup;
			children = (
				38E0924C1ADE546A00430A49 /* DynamicGravity.app */,
				38E092611ADE546A00430A49 /* DynamicGravityTests.xctest */,
			);
			name = Products;
			sourceTree = "<group>";
		};
		38E0924E1ADE546A00430A49 /* DynamicGravity */ = {
			isa = PBXGroup;
			children = (
				38E092511ADE546A00430A49 /* AppDelegate.swift */,
				38E092531ADE546A00430A49 /* ViewController.swift */,
				38E092551ADE546A00430A49 /* Main.storyboard */,
				38E092581ADE546A00430A49 /* Images.xcassets */,
				38E0925A1ADE546A00430A49 /* LaunchScreen.xib */,
				38E0924F1ADE546A00430A49 /* Supporting Files */,
			);
			path = DynamicGravity;
			sourceTree = "<group>";
		};
		38E0924F1ADE546A00430A49 /* Supporting Files */ = {
			isa = PBXGroup;
			children = (
				38E092501ADE546A00430A49 /* Info.plist */,
			);
			name = "Supporting Files";
			sourceTree = "<group>";
		};
		38E092641ADE546A00430A49 /* DynamicGravityTests */ = {
			isa = PBXGroup;
			children = (
				38E092671ADE546A00430A49 /* DynamicGravityTests.swift */,
				38E092651ADE546A00430A49 /* Supporting Files */,
			);
			path = DynamicGravityTests;
			sourceTree = "<group>";
		};
		38E092651ADE546A00430A49 /* Supporting Files */ = {
			isa = PBXGroup;
			children = (
				38E092661ADE546A00430A49 /* Info.plist */,
			);
			name = "Supporting Files";
			sourceTree = "<group>";
		};
/* End PBXGroup section */

/* Begin PBXNativeTarget section */
		38E0924B1ADE546A00430A49 /* DynamicGravity */ = {
			isa = PBXNativeTarget;
			buildConfigurationList = 38E0926B1ADE546A00430A49 /* Build configuration list for PBXNativeTarget "DynamicGravity" */;
			buildPhases = (
				38E092481ADE546A00430A49 /* Sources */,
				38E092491ADE546A00430A49 /* Frameworks */,
				38E0924A1ADE546A00430A49 /* Resources */,
			);
			buildRules = (
			);
			dependencies = (
			);
			name = DynamicGravity;
			productName = DynamicGravity;
			productReference = 38E0924C1ADE546A00430A49 /* DynamicGravity.app */;
			productType = "com.apple.product-type.application";
		};
		38E092601ADE546A00430A49 /* DynamicGravityTests */ = {
			isa = PBXNativeTarget;
			buildConfigurationList = 38E0926E1ADE546A00430A49 /* Build configuration list for PBXNativeTarget "DynamicGravityTests" */;
			buildPhases = (
				38E0925D1ADE546A00430A49 /* Sources */,
				38E0925E1ADE546A00430A49 /* Frameworks */,
				38E0925F1ADE546A00430A49 /* Resources */,
			);
			buildRules = (
			);
			dependencies = (
				38E092631ADE546A00430A49 /* PBXTargetDependency */,
			);
			name = DynamicGravityTests;
			productName = DynamicGravityTests;
			productReference = 38E092611ADE546A00430A49 /* DynamicGravityTests.xctest */;
			productType = "com.apple.product-type.bundle.unit-test";
		};
/* End PBXNativeTarget section */

/* Begin PBXProject section */
		38E092441ADE546A00430A49 /* Project object */ = {
			isa = PBXProject;
			attributes = {
				LastUpgradeCheck = 0630;
				ORGANIZATIONNAME = "Wojciech Ogrodowczyk";
				TargetAttributes = {
					38E0924B1ADE546A00430A49 = {
						CreatedOnToolsVersion = 6.3;
					};
					38E092601ADE546A00430A49 = {
						CreatedOnToolsVersion = 6.3;
						TestTargetID = 38E0924B1ADE546A00430A49;
					};
				};
			};
			buildConfigurationList = 38E092471ADE546A00430A49 /* Build configuration list for PBXProject "DynamicGravity" */;
			compatibilityVersion = "Xcode 3.2";
			developmentRegion = English;
			hasScannedForEncodings = 0;
			knownRegions = (
				en,
				Base,
			);
			mainGroup = 38E092431ADE546A00430A49;
			productRefGroup = 38E0924D1ADE546A00430A49 /* Products */;
			projectDirPath = "";
			projectRoot = "";
			targets = (
				38E0924B1ADE546A00430A49 /* DynamicGravity */,
				38E092601ADE546A00430A49 /* DynamicGravityTests */,
			);
		};
/* End PBXProject section */

/* Begin PBXResourcesBuildPhase section */
		38E0924A1ADE546A00430A49 /* Resources */ = {
			isa = PBXResourcesBuildPhase;
			buildActionMask = 2147483647;
			files = (
				38E092571ADE546A00430A49 /* Main.storyboard in Resources */,
				38E092721ADE549700430A49 /* vodka.jpg in Resources */,
				38E0925C1ADE546A00430A49 /* LaunchScreen.xib in Resources */,
				38E092591ADE546A00430A49 /* Images.xcassets in Resources */,
			);
			runOnlyForDeploymentPostprocessing = 0;
		};
		38E0925F1ADE546A00430A49 /* Resources */ = {
			isa = PBXResourcesBuildPhase;
			buildActionMask = 2147483647;
			files = (
			);
			runOnlyForDeploymentPostprocessing = 0;
		};
/* End PBXResourcesBuildPhase section */

/* Begin PBXSourcesBuildPhase section */
		38E092481ADE546A00430A49 /* Sources */ = {
			isa = PBXSourcesBuildPhase;
			buildActionMask = 2147483647;
			files = (
				38E092541ADE546A00430A49 /* ViewController.swift in Sources */,
				38E092521ADE546A00430A49 /* AppDelegate.swift in Sources */,
			);
			runOnlyForDeploymentPostprocessing = 0;
		};
		38E0925D1ADE546A00430A49 /* Sources */ = {
			isa = PBXSourcesBuildPhase;
			buildActionMask = 2147483647;
			files = (
				38E092681ADE546A00430A49 /* DynamicGravityTests.swift in Sources */,
			);
			runOnlyForDeploymentPostprocessing = 0;
		};
/* End PBXSourcesBuildPhase section */

/* Begin PBXTargetDependency section */
		38E092631ADE546A00430A49 /* PBXTargetDependency */ = {
			isa = PBXTargetDependency;
			target = 38E0924B1ADE546A00430A49 /* DynamicGravity */;
			targetProxy = 38E092621ADE546A00430A49 /* PBXContainerItemProxy */;
		};
/* End PBXTargetDependency section */

/* Begin PBXVariantGroup section */
		38E092551ADE546A00430A49 /* Main.storyboard */ = {
			isa = PBXVariantGroup;
			children = (
				38E092561ADE546A00430A49 /* Base */,
			);
			name = Main.storyboard;
			sourceTree = "<group>";
		};
		38E0925A1ADE546A00430A49 /* LaunchScreen.xib */ = {
			isa = PBXVariantGroup;
			children = (
				38E0925B1ADE546A00430A49 /* Base */,
			);
			name = LaunchScreen.xib;
			sourceTree = "<group>";
		};
/* End PBXVariantGroup section */

/* Begin XCBuildConfiguration section */
		38E092691ADE546A00430A49 /* Debug */ = {
			isa = XCBuildConfiguration;
			buildSettings = {
				ALWAYS_SEARCH_USER_PATHS = NO;
				CLANG_CXX_LANGUAGE_STANDARD = "gnu++0x";
				CLANG_CXX_LIBRARY = "libc++";
				CLANG_ENABLE_MODULES = YES;
				CLANG_ENABLE_OBJC_ARC = YES;
				CLANG_WARN_BOOL_CONVERSION = YES;
				CLANG_WARN_CONSTANT_CONVERSION = YES;
				CLANG_WARN_DIRECT_OBJC_ISA_USAGE = YES_ERROR;
				CLANG_WARN_EMPTY_BODY = YES;
				CLANG_WARN_ENUM_CONVERSION = YES;
				CLANG_WARN_INT_CONVERSION = YES;
				CLANG_WARN_OBJC_ROOT_CLASS = YES_ERROR;
				CLANG_WARN_UNREACHABLE_CODE = YES;
				CLANG_WARN__DUPLICATE_METHOD_MATCH = YES;
				"CODE_SIGN_IDENTITY[sdk=iphoneos*]" = "iPhone Developer";
				COPY_PHASE_STRIP = NO;
				DEBUG_INFORMATION_FORMAT = "dwarf-with-dsym";
				ENABLE_STRICT_OBJC_MSGSEND = YES;
				GCC_C_LANGUAGE_STANDARD = gnu99;
				GCC_DYNAMIC_NO_PIC = NO;
				GCC_NO_COMMON_BLOCKS = YES;
				GCC_OPTIMIZATION_LEVEL = 0;
				GCC_PREPROCESSOR_DEFINITIONS = (
					"DEBUG=1",
					"$(inherited)",
				);
				GCC_SYMBOLS_PRIVATE_EXTERN = NO;
				GCC_WARN_64_TO_32_BIT_CONVERSION = YES;
				GCC_WARN_ABOUT_RETURN_TYPE = YES_ERROR;
				GCC_WARN_UNDECLARED_SELECTOR = YES;
				GCC_WARN_UNINITIALIZED_AUTOS = YES_AGGRESSIVE;
				GCC_WARN_UNUSED_FUNCTION = YES;
				GCC_WARN_UNUSED_VARIABLE = YES;
				IPHONEOS_DEPLOYMENT_TARGET = 8.3;
				MTL_ENABLE_DEBUG_INFO = YES;
				ONLY_ACTIVE_ARCH = YES;
				SDKROOT = iphoneos;
				SWIFT_OPTIMIZATION_LEVEL = "-Onone";
			};
			name = Debug;
		};
		38E0926A1ADE546A00430A49 /* Release */ = {
			isa = XCBuildConfiguration;
			buildSettings = {
				ALWAYS_SEARCH_USER_PATHS = NO;
				CLANG_CXX_LANGUAGE_STANDARD = "gnu++0x";
				CLANG_CXX_LIBRARY = "libc++";
				CLANG_ENABLE_MODULES = YES;
				CLANG_ENABLE_OBJC_ARC = YES;
				CLANG_WARN_BOOL_CONVERSION = YES;
				CLANG_WARN_CONSTANT_CONVERSION = YES;
				CLANG_WARN_DIRECT_OBJC_ISA_USAGE = YES_ERROR;
				CLANG_WARN_EMPTY_BODY = YES;
				CLANG_WARN_ENUM_CONVERSION = YES;
				CLANG_WARN_INT_CONVERSION = YES;
				CLANG_WARN_OBJC_ROOT_CLASS = YES_ERROR;
				CLANG_WARN_UNREACHABLE_CODE = YES;
				CLANG_WARN__DUPLICATE_METHOD_MATCH = YES;
				"CODE_SIGN_IDENTITY[sdk=iphoneos*]" = "iPhone Developer";
				COPY_PHASE_STRIP = NO;
				DEBUG_INFORMATION_FORMAT = "dwarf-with-dsym";
				ENABLE_NS_ASSERTIONS = NO;
				ENABLE_STRICT_OBJC_MSGSEND = YES;
				GCC_C_LANGUAGE_STANDARD = gnu99;
				GCC_NO_COMMON_BLOCKS = YES;
				GCC_WARN_64_TO_32_BIT_CONVERSION = YES;
				GCC_WARN_ABOUT_RETURN_TYPE = YES_ERROR;
				GCC_WARN_UNDECLARED_SELECTOR = YES;
				GCC_WARN_UNINITIALIZED_AUTOS = YES_AGGRESSIVE;
				GCC_WARN_UNUSED_FUNCTION = YES;
				GCC_WARN_UNUSED_VARIABLE = YES;
				IPHONEOS_DEPLOYMENT_TARGET = 8.3;
				MTL_ENABLE_DEBUG_INFO = NO;
				SDKROOT = iphoneos;
				VALIDATE_PRODUCT = YES;
			};
			name = Release;
		};
		38E0926C1ADE546A00430A49 /* Debug */ = {
			isa = XCBuildConfiguration;
			buildSettings = {
				ASSETCATALOG_COMPILER_APPICON_NAME = AppIcon;
				INFOPLIST_FILE = DynamicGravity/Info.plist;
				LD_RUNPATH_SEARCH_PATHS = "$(inherited) @executable_path/Frameworks";
				PRODUCT_NAME = "$(TARGET_NAME)";
			};
			name = Debug;
		};
		38E0926D1ADE546A00430A49 /* Release */ = {
			isa = XCBuildConfiguration;
			buildSettings = {
				ASSETCATALOG_COMPILER_APPICON_NAME = AppIcon;
				INFOPLIST_FILE = DynamicGravity/Info.plist;
				LD_RUNPATH_SEARCH_PATHS = "$(inherited) @executable_path/Frameworks";
				PRODUCT_NAME = "$(TARGET_NAME)";
			};
			name = Release;
		};
		38E0926F1ADE546A00430A49 /* Debug */ = {
			isa = XCBuildConfiguration;
			buildSettings = {
				BUNDLE_LOADER = "$(TEST_HOST)";
				FRAMEWORK_SEARCH_PATHS = (
					"$(SDKROOT)/Developer/Library/Frameworks",
					"$(inherited)",
				);
				GCC_PREPROCESSOR_DEFINITIONS = (
					"DEBUG=1",
					"$(inherited)",
				);
				INFOPLIST_FILE = DynamicGravityTests/Info.plist;
				LD_RUNPATH_SEARCH_PATHS = "$(inherited) @executable_path/Frameworks @loader_path/Frameworks";
				PRODUCT_NAME = "$(TARGET_NAME)";
				TEST_HOST = "$(BUILT_PRODUCTS_DIR)/DynamicGravity.app/DynamicGravity";
			};
			name = Debug;
		};
		38E092701ADE546A00430A49 /* Release */ = {
			isa = XCBuildConfiguration;
			buildSettings = {
				BUNDLE_LOADER = "$(TEST_HOST)";
				FRAMEWORK_SEARCH_PATHS = (
					"$(SDKROOT)/Developer/Library/Frameworks",
					"$(inherited)",
				);
				INFOPLIST_FILE = DynamicGravityTests/Info.plist;
				LD_RUNPATH_SEARCH_PATHS = "$(inherited) @executable_path/Frameworks @loader_path/Frameworks";
				PRODUCT_NAME = "$(TARGET_NAME)";
				TEST_HOST = "$(BUILT_PRODUCTS_DIR)/DynamicGravity.app/DynamicGravity";
			};
			name = Release;
		};
/* End XCBuildConfiguration section */

/* Begin XCConfigurationList section */
		38E092471ADE546A00430A49 /* Build configuration list for PBXProject "DynamicGravity" */ = {
			isa = XCConfigurationList;
			buildConfigurations = (
				38E092691ADE546A00430A49 /* Debug */,
				38E0926A1ADE546A00430A49 /* Release */,
			);
			defaultConfigurationIsVisible = 0;
			defaultConfigurationName = Release;
		};
		38E0926B1ADE546A00430A49 /* Build configuration list for PBXNativeTarget "DynamicGravity" */ = {
			isa = XCConfigurationList;
			buildConfigurations = (
				38E0926C1ADE546A00430A49 /* Debug */,
				38E0926D1ADE546A00430A49 /* Release */,
			);
			defaultConfigurationIsVisible = 0;
		};
		38E0926E1ADE546A00430A49 /* Build configuration list for PBXNativeTarget "DynamicGravityTests" */ = {
			isa = XCConfigurationList;
			buildConfigurations = (
				38E0926F1ADE546A00430A49 /* Debug */,
				38E092701ADE546A00430A49 /* Release */,
			);
			defaultConfigurationIsVisible = 0;
		};
/* End XCConfigurationList section */
	};
	rootObject = 38E092441ADE546A00430A49 /* Project object */;
}
