// !$*UTF8*$!
{
	archiveVersion = 1;
	classes = {
	};
	objectVersion = 46;
	objects = {

/* Begin PBXBuildFile section */
		38BE422B1AC74AFA0032B79D /* AppDelegate.swift in Sources */ = {isa = PBXBuildFile; fileRef = 38BE422A1AC74AFA0032B79D /* AppDelegate.swift */; };
		38BE422D1AC74AFA0032B79D /* ViewController.swift in Sources */ = {isa = PBXBuildFile; fileRef = 38BE422C1AC74AFA0032B79D /* ViewController.swift */; };
		38BE42301AC74AFA0032B79D /* Main.storyboard in Resources */ = {isa = PBXBuildFile; fileRef = 38BE422E1AC74AFA0032B79D /* Main.storyboard */; };
		38BE42321AC74AFA0032B79D /* Images.xcassets in Resources */ = {isa = PBXBuildFile; fileRef = 38BE42311AC74AFA0032B79D /* Images.xcassets */; };
		38BE42351AC74AFA0032B79D /* LaunchScreen.xib in Resources */ = {isa = PBXBuildFile; fileRef = 38BE42331AC74AFA0032B79D /* LaunchScreen.xib */; };
		38BE42411AC74AFB0032B79D /* HelloCocoaTests.swift in Sources */ = {isa = PBXBuildFile; fileRef = 38BE42401AC74AFB0032B79D /* HelloCocoaTests.swift */; };
/* End PBXBuildFile section */

/* Begin PBXContainerItemProxy section */
		38BE423B1AC74AFA0032B79D /* PBXContainerItemProxy */ = {
			isa = PBXContainerItemProxy;
			containerPortal = 38BE421D1AC74AFA0032B79D /* Project object */;
			proxyType = 1;
			remoteGlobalIDString = 38BE42241AC74AFA0032B79D;
			remoteInfo = HelloCocoa;
		};
/* End PBXContainerItemProxy section */

/* Begin PBXFileReference section */
		38BE42251AC74AFA0032B79D /* HelloCocoa.app */ = {isa = PBXFileReference; explicitFileType = wrapper.application; includeInIndex = 0; path = HelloCocoa.app; sourceTree = BUILT_PRODUCTS_DIR; };
		38BE42291AC74AFA0032B79D /* Info.plist */ = {isa = PBXFileReference; lastKnownFileType = text.plist.xml; path = Info.plist; sourceTree = "<group>"; };
		38BE422A1AC74AFA0032B79D /* AppDelegate.swift */ = {isa = PBXFileReference; lastKnownFileType = sourcecode.swift; path = AppDelegate.swift; sourceTree = "<group>"; };
		38BE422C1AC74AFA0032B79D /* ViewController.swift */ = {isa = PBXFileReference; lastKnownFileType = sourcecode.swift; path = ViewController.swift; sourceTree = "<group>"; };
		38BE422F1AC74AFA0032B79D /* Base */ = {isa = PBXFileReference; lastKnownFileType = file.storyboard; name = Base; path = Base.lproj/Main.storyboard; sourceTree = "<group>"; };
		38BE42311AC74AFA0032B79D /* Images.xcassets */ = {isa = PBXFileReference; lastKnownFileType = folder.assetcatalog; path = Images.xcassets; sourceTree = "<group>"; };
		38BE42341AC74AFA0032B79D /* Base */ = {isa = PBXFileReference; lastKnownFileType = file.xib; name = Base; path = Base.lproj/LaunchScreen.xib; sourceTree = "<group>"; };
		38BE423A1AC74AFA0032B79D /* HelloCocoaTests.xctest */ = {isa = PBXFileReference; explicitFileType = wrapper.cfbundle; includeInIndex = 0; path = HelloCocoaTests.xctest; sourceTree = BUILT_PRODUCTS_DIR; };
		38BE423F1AC74AFB0032B79D /* Info.plist */ = {isa = PBXFileReference; lastKnownFileType = text.plist.xml; path = Info.plist; sourceTree = "<group>"; };
		38BE42401AC74AFB0032B79D /* HelloCocoaTests.swift */ = {isa = PBXFileReference; lastKnownFileType = sourcecode.swift; path = HelloCocoaTests.swift; sourceTree = "<group>"; };
/* End PBXFileReference section */

/* Begin PBXFrameworksBuildPhase section */
		38BE42221AC74AFA0032B79D /* Frameworks */ = {
			isa = PBXFrameworksBuildPhase;
			buildActionMask = 2147483647;
			files = (
			);
			runOnlyForDeploymentPostprocessing = 0;
		};
		38BE42371AC74AFA0032B79D /* Frameworks */ = {
			isa = PBXFrameworksBuildPhase;
			buildActionMask = 2147483647;
			files = (
			);
			runOnlyForDeploymentPostprocessing = 0;
		};
/* End PBXFrameworksBuildPhase section */

/* Begin PBXGroup section */
		38BE421C1AC74AFA0032B79D = {
			isa = PBXGroup;
			children = (
				38BE42271AC74AFA0032B79D /* HelloCocoa */,
				38BE423D1AC74AFB0032B79D /* HelloCocoaTests */,
				38BE42261AC74AFA0032B79D /* Products */,
			);
			sourceTree = "<group>";
		};
		38BE42261AC74AFA0032B79D /* Products */ = {
			isa = PBXGroup;
			children = (
				38BE42251AC74AFA0032B79D /* HelloCocoa.app */,
				38BE423A1AC74AFA0032B79D /* HelloCocoaTests.xctest */,
			);
			name = Products;
			sourceTree = "<group>";
		};
		38BE42271AC74AFA0032B79D /* HelloCocoa */ = {
			isa = PBXGroup;
			children = (
				38BE422A1AC74AFA0032B79D /* AppDelegate.swift */,
				38BE422C1AC74AFA0032B79D /* ViewController.swift */,
				38BE422E1AC74AFA0032B79D /* Main.storyboard */,
				38BE42311AC74AFA0032B79D /* Images.xcassets */,
				38BE42331AC74AFA0032B79D /* LaunchScreen.xib */,
				38BE42281AC74AFA0032B79D /* Supporting Files */,
			);
			path = HelloCocoa;
			sourceTree = "<group>";
		};
		38BE42281AC74AFA0032B79D /* Supporting Files */ = {
			isa = PBXGroup;
			children = (
				38BE42291AC74AFA0032B79D /* Info.plist */,
			);
			name = "Supporting Files";
			sourceTree = "<group>";
		};
		38BE423D1AC74AFB0032B79D /* HelloCocoaTests */ = {
			isa = PBXGroup;
			children = (
				38BE42401AC74AFB0032B79D /* HelloCocoaTests.swift */,
				38BE423E1AC74AFB0032B79D /* Supporting Files */,
			);
			path = HelloCocoaTests;
			sourceTree = "<group>";
		};
		38BE423E1AC74AFB0032B79D /* Supporting Files */ = {
			isa = PBXGroup;
			children = (
				38BE423F1AC74AFB0032B79D /* Info.plist */,
			);
			name = "Supporting Files";
			sourceTree = "<group>";
		};
/* End PBXGroup section */

/* Begin PBXNativeTarget section */
		38BE42241AC74AFA0032B79D /* HelloCocoa */ = {
			isa = PBXNativeTarget;
			buildConfigurationList = 38BE42441AC74AFB0032B79D /* Build configuration list for PBXNativeTarget "HelloCocoa" */;
			buildPhases = (
				38BE42211AC74AFA0032B79D /* Sources */,
				38BE42221AC74AFA0032B79D /* Frameworks */,
				38BE42231AC74AFA0032B79D /* Resources */,
			);
			buildRules = (
			);
			dependencies = (
			);
			name = HelloCocoa;
			productName = HelloCocoa;
			productReference = 38BE42251AC74AFA0032B79D /* HelloCocoa.app */;
			productType = "com.apple.product-type.application";
		};
		38BE42391AC74AFA0032B79D /* HelloCocoaTests */ = {
			isa = PBXNativeTarget;
			buildConfigurationList = 38BE42471AC74AFB0032B79D /* Build configuration list for PBXNativeTarget "HelloCocoaTests" */;
			buildPhases = (
				38BE42361AC74AFA0032B79D /* Sources */,
				38BE42371AC74AFA0032B79D /* Frameworks */,
				38BE42381AC74AFA0032B79D /* Resources */,
			);
			buildRules = (
			);
			dependencies = (
				38BE423C1AC74AFA0032B79D /* PBXTargetDependency */,
			);
			name = HelloCocoaTests;
			productName = HelloCocoaTests;
			productReference = 38BE423A1AC74AFA0032B79D /* HelloCocoaTests.xctest */;
			productType = "com.apple.product-type.bundle.unit-test";
		};
/* End PBXNativeTarget section */

/* Begin PBXProject section */
		38BE421D1AC74AFA0032B79D /* Project object */ = {
			isa = PBXProject;
			attributes = {
				LastUpgradeCheck = 0620;
				ORGANIZATIONNAME = "Wojciech Ogrodowczyk";
				TargetAttributes = {
					38BE42241AC74AFA0032B79D = {
						CreatedOnToolsVersion = 6.2;
					};
					38BE42391AC74AFA0032B79D = {
						CreatedOnToolsVersion = 6.2;
						TestTargetID = 38BE42241AC74AFA0032B79D;
					};
				};
			};
			buildConfigurationList = 38BE42201AC74AFA0032B79D /* Build configuration list for PBXProject "HelloCocoa" */;
			compatibilityVersion = "Xcode 3.2";
			developmentRegion = English;
			hasScannedForEncodings = 0;
			knownRegions = (
				en,
				Base,
			);
			mainGroup = 38BE421C1AC74AFA0032B79D;
			productRefGroup = 38BE42261AC74AFA0032B79D /* Products */;
			projectDirPath = "";
			projectRoot = "";
			targets = (
				38BE42241AC74AFA0032B79D /* HelloCocoa */,
				38BE42391AC74AFA0032B79D /* HelloCocoaTests */,
			);
		};
/* End PBXProject section */

/* Begin PBXResourcesBuildPhase section */
		38BE42231AC74AFA0032B79D /* Resources */ = {
			isa = PBXResourcesBuildPhase;
			buildActionMask = 2147483647;
			files = (
				38BE42301AC74AFA0032B79D /* Main.storyboard in Resources */,
				38BE42351AC74AFA0032B79D /* LaunchScreen.xib in Resources */,
				38BE42321AC74AFA0032B79D /* Images.xcassets in Resources */,
			);
			runOnlyForDeploymentPostprocessing = 0;
		};
		38BE42381AC74AFA0032B79D /* Resources */ = {
			isa = PBXResourcesBuildPhase;
			buildActionMask = 2147483647;
			files = (
			);
			runOnlyForDeploymentPostprocessing = 0;
		};
/* End PBXResourcesBuildPhase section */

/* Begin PBXSourcesBuildPhase section */
		38BE42211AC74AFA0032B79D /* Sources */ = {
			isa = PBXSourcesBuildPhase;
			buildActionMask = 2147483647;
			files = (
				38BE422D1AC74AFA0032B79D /* ViewController.swift in Sources */,
				38BE422B1AC74AFA0032B79D /* AppDelegate.swift in Sources */,
			);
			runOnlyForDeploymentPostprocessing = 0;
		};
		38BE42361AC74AFA0032B79D /* Sources */ = {
			isa = PBXSourcesBuildPhase;
			buildActionMask = 2147483647;
			files = (
				38BE42411AC74AFB0032B79D /* HelloCocoaTests.swift in Sources */,
			);
			runOnlyForDeploymentPostprocessing = 0;
		};
/* End PBXSourcesBuildPhase section */

/* Begin PBXTargetDependency section */
		38BE423C1AC74AFA0032B79D /* PBXTargetDependency */ = {
			isa = PBXTargetDependency;
			target = 38BE42241AC74AFA0032B79D /* HelloCocoa */;
			targetProxy = 38BE423B1AC74AFA0032B79D /* PBXContainerItemProxy */;
		};
/* End PBXTargetDependency section */

/* Begin PBXVariantGroup section */
		38BE422E1AC74AFA0032B79D /* Main.storyboard */ = {
			isa = PBXVariantGroup;
			children = (
				38BE422F1AC74AFA0032B79D /* Base */,
			);
			name = Main.storyboard;
			sourceTree = "<group>";
		};
		38BE42331AC74AFA0032B79D /* LaunchScreen.xib */ = {
			isa = PBXVariantGroup;
			children = (
				38BE42341AC74AFA0032B79D /* Base */,
			);
			name = LaunchScreen.xib;
			sourceTree = "<group>";
		};
/* End PBXVariantGroup section */

/* Begin XCBuildConfiguration section */
		38BE42421AC74AFB0032B79D /* Debug */ = {
			isa = XCBuildConfiguration;
			buildSettings = {
				ALWAYS_SEARCH_USER_PATHS = NO;
				CLANG_CXX_LANGUAGE_STANDARD = "gnu++0x";
				CLANG_CXX_LIBRARY = "libc++";
				CLANG_ENABLE_MODULES = YES;
				CLANG_ENABLE_OBJC_ARC = YES;
				CLANG_WARN_BOOL_CONVERSION = YES;
				CLANG_WARN_CONSTANT_CONVERSION = YES;
				CLANG_WARN_DIRECT_OBJC_ISA_USAGE = YES_ERROR;
				CLANG_WARN_EMPTY_BODY = YES;
				CLANG_WARN_ENUM_CONVERSION = YES;
				CLANG_WARN_INT_CONVERSION = YES;
				CLANG_WARN_OBJC_ROOT_CLASS = YES_ERROR;
				CLANG_WARN_UNREACHABLE_CODE = YES;
				CLANG_WARN__DUPLICATE_METHOD_MATCH = YES;
				"CODE_SIGN_IDENTITY[sdk=iphoneos*]" = "iPhone Developer";
				COPY_PHASE_STRIP = NO;
				ENABLE_STRICT_OBJC_MSGSEND = YES;
				GCC_C_LANGUAGE_STANDARD = gnu99;
				GCC_DYNAMIC_NO_PIC = NO;
				GCC_OPTIMIZATION_LEVEL = 0;
				GCC_PREPROCESSOR_DEFINITIONS = (
					"DEBUG=1",
					"$(inherited)",
				);
				GCC_SYMBOLS_PRIVATE_EXTERN = NO;
				GCC_WARN_64_TO_32_BIT_CONVERSION = YES;
				GCC_WARN_ABOUT_RETURN_TYPE = YES_ERROR;
				GCC_WARN_UNDECLARED_SELECTOR = YES;
				GCC_WARN_UNINITIALIZED_AUTOS = YES_AGGRESSIVE;
				GCC_WARN_UNUSED_FUNCTION = YES;
				GCC_WARN_UNUSED_VARIABLE = YES;
				IPHONEOS_DEPLOYMENT_TARGET = 8.2;
				MTL_ENABLE_DEBUG_INFO = YES;
				ONLY_ACTIVE_ARCH = YES;
				SDKROOT = iphoneos;
				SWIFT_OPTIMIZATION_LEVEL = "-Onone";
			};
			name = Debug;
		};
		38BE42431AC74AFB0032B79D /* Release */ = {
			isa = XCBuildConfiguration;
			buildSettings = {
				ALWAYS_SEARCH_USER_PATHS = NO;
				CLANG_CXX_LANGUAGE_STANDARD = "gnu++0x";
				CLANG_CXX_LIBRARY = "libc++";
				CLANG_ENABLE_MODULES = YES;
				CLANG_ENABLE_OBJC_ARC = YES;
				CLANG_WARN_BOOL_CONVERSION = YES;
				CLANG_WARN_CONSTANT_CONVERSION = YES;
				CLANG_WARN_DIRECT_OBJC_ISA_USAGE = YES_ERROR;
				CLANG_WARN_EMPTY_BODY = YES;
				CLANG_WARN_ENUM_CONVERSION = YES;
				CLANG_WARN_INT_CONVERSION = YES;
				CLANG_WARN_OBJC_ROOT_CLASS = YES_ERROR;
				CLANG_WARN_UNREACHABLE_CODE = YES;
				CLANG_WARN__DUPLICATE_METHOD_MATCH = YES;
				"CODE_SIGN_IDENTITY[sdk=iphoneos*]" = "iPhone Developer";
				COPY_PHASE_STRIP = NO;
				ENABLE_NS_ASSERTIONS = NO;
				ENABLE_STRICT_OBJC_MSGSEND = YES;
				GCC_C_LANGUAGE_STANDARD = gnu99;
				GCC_WARN_64_TO_32_BIT_CONVERSION = YES;
				GCC_WARN_ABOUT_RETURN_TYPE = YES_ERROR;
				GCC_WARN_UNDECLARED_SELECTOR = YES;
				GCC_WARN_UNINITIALIZED_AUTOS = YES_AGGRESSIVE;
				GCC_WARN_UNUSED_FUNCTION = YES;
				GCC_WARN_UNUSED_VARIABLE = YES;
				IPHONEOS_DEPLOYMENT_TARGET = 8.2;
				MTL_ENABLE_DEBUG_INFO = NO;
				SDKROOT = iphoneos;
				VALIDATE_PRODUCT = YES;
			};
			name = Release;
		};
		38BE42451AC74AFB0032B79D /* Debug */ = {
			isa = XCBuildConfiguration;
			buildSettings = {
				ASSETCATALOG_COMPILER_APPICON_NAME = AppIcon;
				INFOPLIST_FILE = HelloCocoa/Info.plist;
				LD_RUNPATH_SEARCH_PATHS = "$(inherited) @executable_path/Frameworks";
				PRODUCT_NAME = "$(TARGET_NAME)";
			};
			name = Debug;
		};
		38BE42461AC74AFB0032B79D /* Release */ = {
			isa = XCBuildConfiguration;
			buildSettings = {
				ASSETCATALOG_COMPILER_APPICON_NAME = AppIcon;
				INFOPLIST_FILE = HelloCocoa/Info.plist;
				LD_RUNPATH_SEARCH_PATHS = "$(inherited) @executable_path/Frameworks";
				PRODUCT_NAME = "$(TARGET_NAME)";
			};
			name = Release;
		};
		38BE42481AC74AFB0032B79D /* Debug */ = {
			isa = XCBuildConfiguration;
			buildSettings = {
				BUNDLE_LOADER = "$(TEST_HOST)";
				FRAMEWORK_SEARCH_PATHS = (
					"$(SDKROOT)/Developer/Library/Frameworks",
					"$(inherited)",
				);
				GCC_PREPROCESSOR_DEFINITIONS = (
					"DEBUG=1",
					"$(inherited)",
				);
				INFOPLIST_FILE = HelloCocoaTests/Info.plist;
				LD_RUNPATH_SEARCH_PATHS = "$(inherited) @executable_path/Frameworks @loader_path/Frameworks";
				PRODUCT_NAME = "$(TARGET_NAME)";
				TEST_HOST = "$(BUILT_PRODUCTS_DIR)/HelloCocoa.app/HelloCocoa";
			};
			name = Debug;
		};
		38BE42491AC74AFB0032B79D /* Release */ = {
			isa = XCBuildConfiguration;
			buildSettings = {
				BUNDLE_LOADER = "$(TEST_HOST)";
				FRAMEWORK_SEARCH_PATHS = (
					"$(SDKROOT)/Developer/Library/Frameworks",
					"$(inherited)",
				);
				INFOPLIST_FILE = HelloCocoaTests/Info.plist;
				LD_RUNPATH_SEARCH_PATHS = "$(inherited) @executable_path/Frameworks @loader_path/Frameworks";
				PRODUCT_NAME = "$(TARGET_NAME)";
				TEST_HOST = "$(BUILT_PRODUCTS_DIR)/HelloCocoa.app/HelloCocoa";
			};
			name = Release;
		};
/* End XCBuildConfiguration section */

/* Begin XCConfigurationList section */
		38BE42201AC74AFA0032B79D /* Build configuration list for PBXProject "HelloCocoa" */ = {
			isa = XCConfigurationList;
			buildConfigurations = (
				38BE42421AC74AFB0032B79D /* Debug */,
				38BE42431AC74AFB0032B79D /* Release */,
			);
			defaultConfigurationIsVisible = 0;
			defaultConfigurationName = Release;
		};
		38BE42441AC74AFB0032B79D /* Build configuration list for PBXNativeTarget "HelloCocoa" */ = {
			isa = XCConfigurationList;
			buildConfigurations = (
				38BE42451AC74AFB0032B79D /* Debug */,
				38BE42461AC74AFB0032B79D /* Release */,
			);
			defaultConfigurationIsVisible = 0;
		};
		38BE42471AC74AFB0032B79D /* Build configuration list for PBXNativeTarget "HelloCocoaTests" */ = {
			isa = XCConfigurationList;
			buildConfigurations = (
				38BE42481AC74AFB0032B79D /* Debug */,
				38BE42491AC74AFB0032B79D /* Release */,
			);
			defaultConfigurationIsVisible = 0;
		};
/* End XCConfigurationList section */
	};
	rootObject = 38BE421D1AC74AFA0032B79D /* Project object */;
}
